{
  "name": "cmdline",
  "version": "2.0.3",
  "lockfileVersion": 1,
  "requires": true,
  "dependencies": {
    "cify": {
      "version": "2.1.12",
      "resolved": "http://registry.npm.taobao.org/cify/download/cify-2.1.12.tgz",
      "integrity": "sha1-QMJpBv62heLyqM73nJvTwpElgEs=",
      "requires": {
        "ntils": "3.1.10"
      }
    },
    "ntils": {
      "version": "3.1.10",
      "resolved": "http://registry.npm.taobao.org/ntils/download/ntils-3.1.10.tgz",
      "integrity": "sha1-bFZsHmNKGXoq9YBZBcMXUvEJ/U8="
    }
  }
}
